
Microsoft Visual Studio Solution File, Format Version 12.00
# Visual Studio Version 16
VisualStudioVersion = 16.0.31424.327
MinimumVisualStudioVersion = 10.0.40219.1
Project("{FAE04EC0-301F-11D3-BF4B-00C04F79EFBC}") = "ReferenceEqualQuestionmark", "ReferenceEqualQuestionmark\ReferenceEqualQuestionmark.csproj", "{B50857BF-AE60-444A-9A14-54605737B257}"
EndProject
Project("{FAE04EC0-301F-11D3-BF4B-00C04F79EFBC}") = "ReferenceEqualQuestionmarkTests", "ReferenceEqualQuestionmarkTests\ReferenceEqualQuestionmarkTests.csproj", "{C1D394A8-4098-40F1-BC5A-59B9FD072EEC}"
EndProject
Global
	GlobalSection(SolutionConfigurationPlatforms) = preSolution
		Debug|Any CPU = Debug|Any CPU
		Release|Any CPU = Release|Any CPU
	EndGlobalSection
	GlobalSection(ProjectConfigurationPlatforms) = postSolution
		{B50857BF-AE60-444A-9A14-54605737B257}.Debug|Any CPU.ActiveCfg = Debug|Any CPU
		{B50857BF-AE60-444A-9A14-54605737B257}.Debug|Any CPU.Build.0 = Debug|Any CPU
		{B50857BF-AE60-444A-9A14-54605737B257}.Release|Any CPU.ActiveCfg = Release|Any CPU
		{B50857BF-AE60-444A-9A14-54605737B257}.Release|Any CPU.Build.0 = Release|Any CPU
		{C1D394A8-4098-40F1-BC5A-59B9FD072EEC}.Debug|Any CPU.ActiveCfg = Debug|Any CPU
		{C1D394A8-4098-40F1-BC5A-59B9FD072EEC}.Debug|Any CPU.Build.0 = Debug|Any CPU
		{C1D394A8-4098-40F1-BC5A-59B9FD072EEC}.Release|Any CPU.ActiveCfg = Release|Any CPU
		{C1D394A8-4098-40F1-BC5A-59B9FD072EEC}.Release|Any CPU.Build.0 = Release|Any CPU
	EndGlobalSection
	GlobalSection(SolutionProperties) = preSolution
		HideSolutionNode = FALSE
	EndGlobalSection
	GlobalSection(ExtensibilityGlobals) = postSolution
		SolutionGuid = {BD4F95B9-5E88-4811-B91C-59762A1B78D2}
	EndGlobalSection
EndGlobal
